
Microsoft Visual Studio Solution File, Format Version 12.00
# Visual Studio Version 17
VisualStudioVersion = 17.0.31903.59
MinimumVisualStudioVersion = 10.0.40219.1
Project("{FAE04EC0-301F-11D3-BF4B-00C04F79EFBC}") = "TemperatureConverter", "TemperatureConverter\TemperatureConverter.csproj", "{E3C6F776-C2BC-4F1F-AC9E-D73BF11FA373}"
EndProject
Project("{FAE04EC0-301F-11D3-BF4B-00C04F79EFBC}") = "Tests.TemperatureConverter", "Tests.TemperatureConverter\Tests.TemperatureConverter.csproj", "{8B8D2910-F680-4D73-B511-F64D865D04C4}"
EndProject
Global
	GlobalSection(SolutionConfigurationPlatforms) = preSolution
		Debug|Any CPU = Debug|Any CPU
		Release|Any CPU = Release|Any CPU
	EndGlobalSection
	GlobalSection(SolutionProperties) = preSolution
		HideSolutionNode = FALSE
	EndGlobalSection
	GlobalSection(ProjectConfigurationPlatforms) = postSolution
		{E3C6F776-C2BC-4F1F-AC9E-D73BF11FA373}.Debug|Any CPU.ActiveCfg = Debug|Any CPU
		{E3C6F776-C2BC-4F1F-AC9E-D73BF11FA373}.Debug|Any CPU.Build.0 = Debug|Any CPU
		{E3C6F776-C2BC-4F1F-AC9E-D73BF11FA373}.Release|Any CPU.ActiveCfg = Release|Any CPU
		{E3C6F776-C2BC-4F1F-AC9E-D73BF11FA373}.Release|Any CPU.Build.0 = Release|Any CPU
		{8B8D2910-F680-4D73-B511-F64D865D04C4}.Debug|Any CPU.ActiveCfg = Debug|Any CPU
		{8B8D2910-F680-4D73-B511-F64D865D04C4}.Debug|Any CPU.Build.0 = Debug|Any CPU
		{8B8D2910-F680-4D73-B511-F64D865D04C4}.Release|Any CPU.ActiveCfg = Release|Any CPU
		{8B8D2910-F680-4D73-B511-F64D865D04C4}.Release|Any CPU.Build.0 = Release|Any CPU
	EndGlobalSection
EndGlobal
